
Microsoft Visual Studio Solution File, Format Version 12.00
# Visual Studio Version 17
VisualStudioVersion = 17.1.32328.378
MinimumVisualStudioVersion = 10.0.40219.1
Project("{FAE04EC0-301F-11D3-BF4B-00C04F79EFBC}") = "SistemaEscolar", "SistemaEscolar.csproj", "{CE3C2B6B-5561-48B3-9EBD-6B395C7C9908}"
EndProject
Global
	GlobalSection(SolutionConfigurationPlatforms) = preSolution
		Debug|Any CPU = Debug|Any CPU
		Release|Any CPU = Release|Any CPU
	EndGlobalSection
	GlobalSection(ProjectConfigurationPlatforms) = postSolution
		{CE3C2B6B-5561-48B3-9EBD-6B395C7C9908}.Debug|Any CPU.ActiveCfg = Debug|Any CPU
		{CE3C2B6B-5561-48B3-9EBD-6B395C7C9908}.Debug|Any CPU.Build.0 = Debug|Any CPU
		{CE3C2B6B-5561-48B3-9EBD-6B395C7C9908}.Release|Any CPU.ActiveCfg = Release|Any CPU
		{CE3C2B6B-5561-48B3-9EBD-6B395C7C9908}.Release|Any CPU.Build.0 = Release|Any CPU
	EndGlobalSection
	GlobalSection(SolutionProperties) = preSolution
		HideSolutionNode = FALSE
	EndGlobalSection
	GlobalSection(ExtensibilityGlobals) = postSolution
		SolutionGuid = {AE8A8546-F376-47FB-8237-EFB16609B307}
	EndGlobalSection
EndGlobal
